
Microsoft Visual Studio Solution File, Format Version 12.00
# Visual Studio Version 17
VisualStudioVersion = 17.0.32014.148
MinimumVisualStudioVersion = 10.0.40219.1
Project("{FAE04EC0-301F-11D3-BF4B-00C04F79EFBC}") = "Nigel-Ben-Declan-Zach", "Nigel-Ben-Declan-Zach.csproj", "{F41EA1A1-3C02-4061-9E37-6AC2A9B0C7E8}"
EndProject
Global
	GlobalSection(SolutionConfigurationPlatforms) = preSolution
		Debug|Any CPU = Debug|Any CPU
		Release|Any CPU = Release|Any CPU
	EndGlobalSection
	GlobalSection(ProjectConfigurationPlatforms) = postSolution
		{F41EA1A1-3C02-4061-9E37-6AC2A9B0C7E8}.Debug|Any CPU.ActiveCfg = Debug|Any CPU
		{F41EA1A1-3C02-4061-9E37-6AC2A9B0C7E8}.Debug|Any CPU.Build.0 = Debug|Any CPU
		{F41EA1A1-3C02-4061-9E37-6AC2A9B0C7E8}.Release|Any CPU.ActiveCfg = Release|Any CPU
		{F41EA1A1-3C02-4061-9E37-6AC2A9B0C7E8}.Release|Any CPU.Build.0 = Release|Any CPU
	EndGlobalSection
	GlobalSection(SolutionProperties) = preSolution
		HideSolutionNode = FALSE
	EndGlobalSection
	GlobalSection(ExtensibilityGlobals) = postSolution
		SolutionGuid = {D5DED87C-2989-4E95-8068-0B1625128B1B}
	EndGlobalSection
EndGlobal
